
Microsoft Visual Studio Solution File, Format Version 12.00
# Visual Studio Version 17
VisualStudioVersion = 17.3.32929.385
MinimumVisualStudioVersion = 10.0.40219.1
Project("{FAE04EC0-301F-11D3-BF4B-00C04F79EFBC}") = "LibreriaEmpleados", "SlnEmpleados\LibreriaEmpleados.csproj", "{D902A7EE-40F3-4877-AA3C-0103CEED77EA}"
EndProject
Project("{FAE04EC0-301F-11D3-BF4B-00C04F79EFBC}") = "PresentacionWindows", "PresentacionWindows\PresentacionWindows.csproj", "{BB31DD72-3BC3-4073-BF83-01201A3256F5}"
EndProject
Global
	GlobalSection(SolutionConfigurationPlatforms) = preSolution
		Debug|Any CPU = Debug|Any CPU
		Release|Any CPU = Release|Any CPU
	EndGlobalSection
	GlobalSection(ProjectConfigurationPlatforms) = postSolution
		{D902A7EE-40F3-4877-AA3C-0103CEED77EA}.Debug|Any CPU.ActiveCfg = Debug|Any CPU
		{D902A7EE-40F3-4877-AA3C-0103CEED77EA}.Debug|Any CPU.Build.0 = Debug|Any CPU
		{D902A7EE-40F3-4877-AA3C-0103CEED77EA}.Release|Any CPU.ActiveCfg = Release|Any CPU
		{D902A7EE-40F3-4877-AA3C-0103CEED77EA}.Release|Any CPU.Build.0 = Release|Any CPU
		{BB31DD72-3BC3-4073-BF83-01201A3256F5}.Debug|Any CPU.ActiveCfg = Debug|Any CPU
		{BB31DD72-3BC3-4073-BF83-01201A3256F5}.Debug|Any CPU.Build.0 = Debug|Any CPU
		{BB31DD72-3BC3-4073-BF83-01201A3256F5}.Release|Any CPU.ActiveCfg = Release|Any CPU
		{BB31DD72-3BC3-4073-BF83-01201A3256F5}.Release|Any CPU.Build.0 = Release|Any CPU
	EndGlobalSection
	GlobalSection(SolutionProperties) = preSolution
		HideSolutionNode = FALSE
	EndGlobalSection
	GlobalSection(ExtensibilityGlobals) = postSolution
		SolutionGuid = {DECE77D4-E728-4A03-BED5-EF63E3C42A4E}
	EndGlobalSection
EndGlobal
